{
  "nodes": {
    "agda2hs": {
      "inputs": {
        "flake-utils": [
          "flake-utils"
        ],
        "nixpkgs": [
          "nixpkgs"
        ]
      },
      "locked": {
        "lastModified": 1762358660,
        "narHash": "sha256-K/a/tsTJBOX/pyxj7fM6G22EeCrm9sZ73dCdlCNCDh0=",
        "owner": "agda",
        "repo": "agda2hs",
        "rev": "ef10a1aecb6429024b792bcff8c4f60ceffd8f39",
        "type": "github"
      },
      "original": {
        "owner": "agda",
        "repo": "agda2hs",
        "type": "github"
      }
    },
    "flake-utils": {
      "inputs": {
        "systems": "systems"
      },
      "locked": {
        "lastModified": 1731533236,
        "narHash": "sha256-l0KFg5HjrsfsO/JpG+r7fRrqm12kzFHyUHqHCVpMMbI=",
        "owner": "numtide",
        "repo": "flake-utils",
        "rev": "11707dc2f618dd54ca8739b309ec4fc024de578b",
        "type": "github"
      },
      "original": {
        "owner": "numtide",
        "repo": "flake-utils",
        "type": "github"
      }
    },
    "nixpkgs": {
      "locked": {
        "lastModified": 1762364435,
        "narHash": "sha256-RnKVALmkVsTdzH4rLdIhUBas2z3F+4gBA+sqB0JG8Sk=",
        "owner": "NixOS",
        "repo": "nixpkgs",
        "rev": "72b082aabb6fd339c0d37f03c8ee7256ce3096db",
        "type": "github"
      },
      "original": {
        "owner": "NixOS",
        "repo": "nixpkgs",
        "type": "github"
      }
    },
    "root": {
      "inputs": {
        "agda2hs": "agda2hs",
        "flake-utils": "flake-utils",
        "nixpkgs": "nixpkgs",
        "scope": "scope"
      }
    },
    "scope": {
      "inputs": {
        "agda2hs": [
          "agda2hs"
        ],
        "flake-utils": [
          "flake-utils"
        ],
        "nixpkgs": [
          "nixpkgs"
        ]
      },
      "locked": {
        "lastModified": 1762364590,
        "narHash": "sha256-TmgWBxl/GOywV6B+CPXNuo714N544opKm2/PfO4eSbo=",
        "owner": "jespercockx",
        "repo": "scope",
        "rev": "fa85609392479e8b95094e38510f7991db4088d3",
        "type": "github"
      },
      "original": {
        "owner": "jespercockx",
        "repo": "scope",
        "type": "github"
      }
    },
    "systems": {
      "locked": {
        "lastModified": 1681028828,
        "narHash": "sha256-Vy1rq5AaRuLzOxct8nz4T6wlgyUR7zLU309k9mBC768=",
        "owner": "nix-systems",
        "repo": "default",
        "rev": "da67096a3b9bf56a91d16901293e51ba5b49a27e",
        "type": "github"
      },
      "original": {
        "owner": "nix-systems",
        "repo": "default",
        "type": "github"
      }
    }
  },
  "root": "root",
  "version": 7
}
