{
  "nodes": {
    "agda2hs-src": {
      "flake": false,
      "locked": {
        "lastModified": 1706098014,
        "narHash": "sha256-Lz6d5v1ni3UQ2cpXH9GpjC/u2BkBGrsaoJnuqy2a2V8=",
        "owner": "agda",
        "repo": "agda2hs",
        "rev": "48aacea0b9adc548c47fd46b9addd6b84e3a5272",
        "type": "github"
      },
      "original": {
        "owner": "agda",
        "repo": "agda2hs",
        "type": "github"
      }
    },
    "flake-utils": {
      "inputs": {
        "systems": "systems"
      },
      "locked": {
        "lastModified": 1705309234,
        "narHash": "sha256-uNRRNRKmJyCRC/8y1RqBkqWBLM034y4qN7EprSdmgyA=",
        "owner": "numtide",
        "repo": "flake-utils",
        "rev": "1ef2e671c3b0c19053962c07dbda38332dcebf26",
        "type": "github"
      },
      "original": {
        "owner": "numtide",
        "repo": "flake-utils",
        "type": "github"
      }
    },
    "nixpkgs": {
      "locked": {
        "lastModified": 1704842529,
        "narHash": "sha256-OTeQA+F8d/Evad33JMfuXC89VMetQbsU4qcaePchGr4=",
        "owner": "NixOS",
        "repo": "nixpkgs",
        "rev": "eabe8d3eface69f5bb16c18f8662a702f50c20d5",
        "type": "github"
      },
      "original": {
        "owner": "NixOS",
        "repo": "nixpkgs",
        "rev": "eabe8d3eface69f5bb16c18f8662a702f50c20d5",
        "type": "github"
      }
    },
    "root": {
      "inputs": {
        "agda2hs-src": "agda2hs-src",
        "flake-utils": "flake-utils",
        "nixpkgs": "nixpkgs",
        "scope-src": "scope-src"
      }
    },
    "scope-src": {
      "flake": false,
      "locked": {
        "lastModified": 1706777403,
        "narHash": "sha256-ICp0XAy9kqYxR9mOcq40FrHP7aSiVEFDrX/MaPZbXt0=",
        "owner": "jespercockx",
        "repo": "scope",
        "rev": "de47032afb00e054cdea8f9e32fdd4c3888a1d42",
        "type": "github"
      },
      "original": {
        "owner": "jespercockx",
        "repo": "scope",
        "type": "github"
      }
    },
    "systems": {
      "locked": {
        "lastModified": 1681028828,
        "narHash": "sha256-Vy1rq5AaRuLzOxct8nz4T6wlgyUR7zLU309k9mBC768=",
        "owner": "nix-systems",
        "repo": "default",
        "rev": "da67096a3b9bf56a91d16901293e51ba5b49a27e",
        "type": "github"
      },
      "original": {
        "owner": "nix-systems",
        "repo": "default",
        "type": "github"
      }
    }
  },
  "root": "root",
  "version": 7
}
